{
  "projects": [
    {
      "projectId": "53Xi8PjeNu3UNxbnjUtmHg",
      "version": "latest",
      "dependencies": {},
      "lang": "ts",
      "fileLocks": [
        {
          "type": "globalVariant",
          "assetId": "dGKOhQb3JToV",
          "checksum": "36ce257e891a0bbb317e4b134b18b0a2"
        },
        {
          "assetId": "53Xi8PjeNu3UNxbnjUtmHg",
          "type": "projectCss",
          "checksum": "3d7654a94bc3926f3ff5c45cc57413f6"
        },
        {
          "type": "renderModule",
          "assetId": "CZwG1LnBCPdd",
          "checksum": "1df3d8e71076495d60ed57ff526abd6d"
        },
        {
          "type": "cssRules",
          "assetId": "CZwG1LnBCPdd",
          "checksum": "1df3d8e71076495d60ed57ff526abd6d"
        },
        {
          "type": "renderModule",
          "assetId": "FFSnDzZ1v6zV",
          "checksum": "dceecc33c9c56a7ac006f56b92ff06a0"
        },
        {
          "type": "cssRules",
          "assetId": "FFSnDzZ1v6zV",
          "checksum": "dceecc33c9c56a7ac006f56b92ff06a0"
        },
        {
          "type": "renderModule",
          "assetId": "dtHg693g5Wiv",
          "checksum": "f701076f38803102de5dc82dedaf32f8"
        },
        {
          "type": "cssRules",
          "assetId": "dtHg693g5Wiv",
          "checksum": "f701076f38803102de5dc82dedaf32f8"
        },
        {
          "type": "renderModule",
          "assetId": "mDqPQunCKBZT",
          "checksum": "3a586d1f92407212a34e4bcb556bcfe4"
        },
        {
          "type": "cssRules",
          "assetId": "mDqPQunCKBZT",
          "checksum": "3a586d1f92407212a34e4bcb556bcfe4"
        },
        {
          "type": "renderModule",
          "assetId": "T0ZXuMdMdzz5",
          "checksum": "57725e8462f625e8190e89ea24def730"
        },
        {
          "type": "cssRules",
          "assetId": "T0ZXuMdMdzz5",
          "checksum": "57725e8462f625e8190e89ea24def730"
        },
        {
          "type": "renderModule",
          "assetId": "5BwOrpbCd1kC",
          "checksum": "515e3dad5a10d3d5c7b91fc98c9ae184"
        },
        {
          "type": "cssRules",
          "assetId": "5BwOrpbCd1kC",
          "checksum": "515e3dad5a10d3d5c7b91fc98c9ae184"
        },
        {
          "type": "renderModule",
          "assetId": "qqHHF8fb0kqV",
          "checksum": "46cb147bf284997accc77c9d7ec7c068"
        },
        {
          "type": "cssRules",
          "assetId": "qqHHF8fb0kqV",
          "checksum": "46cb147bf284997accc77c9d7ec7c068"
        },
        {
          "type": "renderModule",
          "assetId": "UzZOnW8KEBiA",
          "checksum": "90168331b5337b161d0a8a80fd87fa54"
        },
        {
          "type": "cssRules",
          "assetId": "UzZOnW8KEBiA",
          "checksum": "90168331b5337b161d0a8a80fd87fa54"
        },
        {
          "type": "renderModule",
          "assetId": "QjAs3RKQce-n",
          "checksum": "b66fe22ee6be465e0b13c4b3a1c067ec"
        },
        {
          "type": "cssRules",
          "assetId": "QjAs3RKQce-n",
          "checksum": "b66fe22ee6be465e0b13c4b3a1c067ec"
        },
        {
          "type": "renderModule",
          "assetId": "0bcOsZ-dkYdg",
          "checksum": "e794ec58737e2dc98e43f7d90eab4736"
        },
        {
          "type": "cssRules",
          "assetId": "0bcOsZ-dkYdg",
          "checksum": "e794ec58737e2dc98e43f7d90eab4736"
        },
        {
          "type": "renderModule",
          "assetId": "X4jPiVsfkDkL",
          "checksum": "1e288e71365e882c362e251213a779e1"
        },
        {
          "type": "cssRules",
          "assetId": "X4jPiVsfkDkL",
          "checksum": "1e288e71365e882c362e251213a779e1"
        },
        {
          "type": "renderModule",
          "assetId": "W2FfioVZddzu",
          "checksum": "9e9c332e7764ffdf7e0de44f4d485c79"
        },
        {
          "type": "cssRules",
          "assetId": "W2FfioVZddzu",
          "checksum": "9e9c332e7764ffdf7e0de44f4d485c79"
        },
        {
          "type": "icon",
          "assetId": "3sYnmmpMrd8H",
          "checksum": "463c2f124cf576aadd6eb7dca2198257"
        },
        {
          "type": "icon",
          "assetId": "4woobL_zJ2_D",
          "checksum": "40f3f3a3da9abbed54b884f8a7274f61"
        },
        {
          "type": "icon",
          "assetId": "JO4o5bg--dsg",
          "checksum": "cc6609fabaf704e40c243b3324c44add"
        },
        {
          "type": "icon",
          "assetId": "jCocyNxVXlRg",
          "checksum": "57576332f7325e896895206f7068c39d"
        },
        {
          "type": "icon",
          "assetId": "Rl6dFtWZu3uP",
          "checksum": "9006c55f6632bf39e244a7da2f048031"
        },
        {
          "type": "icon",
          "assetId": "SGCpdxTuVfiF",
          "checksum": "dc118e711f09612a66d2915636d9ce62"
        },
        {
          "type": "icon",
          "assetId": "iubo4R_n8pFn",
          "checksum": "34425ce4e742e04506d711690e03d71f"
        },
        {
          "type": "icon",
          "assetId": "9fU2EhEiaR68",
          "checksum": "a383d5eb3de8259e7515d4c435d88d16"
        },
        {
          "type": "icon",
          "assetId": "OuSnyuzWIY-t",
          "checksum": "516f4b470486db86df804f78f4f496a3"
        },
        {
          "type": "image",
          "assetId": "RnJ2k8X-i9qQ",
          "checksum": "d39cf03bbe7d283a614ca65e8b8ba5c9"
        },
        {
          "type": "image",
          "assetId": "PTS4OTwkeBzk",
          "checksum": "89dcaa524edefb6bb3a8c9bba38e8ecf"
        },
        {
          "type": "image",
          "assetId": "cxh6is8JzYuk",
          "checksum": "c3da2383bd65518f596755183f309276"
        },
        {
          "type": "image",
          "assetId": "uoRrjz6h1AIw",
          "checksum": "22fbad3f7e7d09a343d4d9120a7f091d"
        },
        {
          "type": "image",
          "assetId": "LfXm1tWUmuFr",
          "checksum": "dc6f1e5081c6deb38df25f00c993ca5a"
        },
        {
          "type": "image",
          "assetId": "Jm7imWOTjIWW",
          "checksum": "71a9b6b5b2dcf5152947f1ba50c69fa4"
        },
        {
          "type": "image",
          "assetId": "d07MvdWG521e",
          "checksum": "19f19261ac440a8d94e00a7fbeb53dfa"
        },
        {
          "type": "image",
          "assetId": "ieANUoGESyn6",
          "checksum": "b2d93e0231c8247cb478d999e8c8ea20"
        },
        {
          "type": "image",
          "assetId": "WqGS5Ims2Ivh",
          "checksum": "cfed02d26d987eec599d2bc35852f7c7"
        },
        {
          "type": "image",
          "assetId": "JJqI7pjzglr2",
          "checksum": "fc111b175f68750c4c861c31bc61ef13"
        },
        {
          "type": "image",
          "assetId": "jdf0BnBywSGH",
          "checksum": "26ee48ada0ca3aa7c6685e70505f59b4"
        },
        {
          "type": "image",
          "assetId": "Se2q35Nhuk4b",
          "checksum": "25f8b4777a753ceef2671fab4b912ade"
        },
        {
          "type": "image",
          "assetId": "0gEzLyTyo6R7",
          "checksum": "4db24266f717758184f280a0fce1385c"
        },
        {
          "type": "image",
          "assetId": "oa-EK6vRx5PM",
          "checksum": "a8775e3c24f7088c3d6800b1db6f1f6f"
        },
        {
          "type": "image",
          "assetId": "EgLMWvzashQD",
          "checksum": "9bf2734f9a538ed0e8e343eb3a8a71e7"
        },
        {
          "type": "image",
          "assetId": "i5dlMQazNvXN",
          "checksum": "599128f24e41d0fac302d28d821401e7"
        },
        {
          "type": "image",
          "assetId": "GynVwycSxNWR",
          "checksum": "4a2c0541d7fb48314b9e3b79d491524c"
        },
        {
          "type": "image",
          "assetId": "fLWdqNHclBlz",
          "checksum": "b2e6b6fe71aa0637a4b135448a3f91c3"
        },
        {
          "type": "image",
          "assetId": "mDmlF7m1NRjU",
          "checksum": "7de820aa37b67a2bd4723e04adf64c44"
        },
        {
          "type": "image",
          "assetId": "YDBwwE6D6nyU",
          "checksum": "f8a658b81453300b77e4b4935723e2d0"
        },
        {
          "type": "image",
          "assetId": "6Qi3FTAZ7s7m",
          "checksum": "4afc539b0e752551c393e272020e5ccb"
        },
        {
          "type": "image",
          "assetId": "PFQS-STdmjM1",
          "checksum": "cddb567fae1b65aad73e871b54db4aea"
        },
        {
          "type": "image",
          "assetId": "4FIoNo1WAWbB",
          "checksum": "79d288c3f545028ed747fb82720453d2"
        },
        {
          "type": "image",
          "assetId": "TUVlMH0ToCKt",
          "checksum": "a53f8ed4569865f2bdbbb845df55a169"
        },
        {
          "type": "image",
          "assetId": "3VwO9jyjZlmr",
          "checksum": "d6c1d785c29b225d3f5c3ed09ccd3b77"
        },
        {
          "type": "image",
          "assetId": "ywPbOuwl_zE3",
          "checksum": "bdea59a35a4fce6382ce4e9a4143aef2"
        },
        {
          "type": "image",
          "assetId": "Xox683-CTNPT",
          "checksum": "1a25f0eaa05d5c9ad3e71d396222adea"
        },
        {
          "type": "image",
          "assetId": "si6rbRrVvh27",
          "checksum": "3f2e4ed57218b6b66527b446346dad4d"
        },
        {
          "type": "image",
          "assetId": "g_1a6Sr8cwM9",
          "checksum": "8048cbbe08c4c78b2eaae3857a646c4a"
        },
        {
          "type": "image",
          "assetId": "7LiDem7Mdyor",
          "checksum": "470feb60ade9dc7d78529613d6e28731"
        },
        {
          "type": "image",
          "assetId": "YxyK_kqBvoWr",
          "checksum": "54beace398a05fb824a533fa93d9107b"
        },
        {
          "type": "image",
          "assetId": "ZgEQKDAsqQ3C",
          "checksum": "f0a047dd810a1727bc0492175fbf0a29"
        },
        {
          "type": "image",
          "assetId": "xZOBpaXvma0c",
          "checksum": "60ebba5b80ca31e782cc3025da048e8b"
        },
        {
          "type": "image",
          "assetId": "eMj8buWMVACA",
          "checksum": "26014df6ceeedffc948e42348e39613d"
        },
        {
          "type": "image",
          "assetId": "o7kIz8Q5ODWE",
          "checksum": "3e30106558f6dc3ab5b7d8d86b78f487"
        },
        {
          "type": "image",
          "assetId": "s5oOyUewkGBu",
          "checksum": "96839eb74dac973e8aa0567f549bc59f"
        },
        {
          "type": "image",
          "assetId": "uCodBs5bklHr",
          "checksum": "6ae3ed122311bdcf4fe213cb683ed4cd"
        },
        {
          "type": "image",
          "assetId": "cevfebn9kiTG",
          "checksum": "1aff2e94fbde3825aa25f5f8cdf487b9"
        },
        {
          "type": "image",
          "assetId": "9WcKDit7bj1m",
          "checksum": "ab548355f1514ecef5eafe3a8398c69d"
        }
      ],
      "codegenVersion": "0.0.1"
    }
  ],
  "cliVersion": "0.1.334"
}
