{
  "projects": [
    {
      "projectId": "53Xi8PjeNu3UNxbnjUtmHg",
      "version": "latest",
      "dependencies": {},
      "lang": "ts",
      "fileLocks": [
        {
          "type": "globalVariant",
          "assetId": "dGKOhQb3JToV",
          "checksum": "ebd1dc9b399e4b57b441b070ea23104f"
        },
        {
          "type": "renderModule",
          "assetId": "CZwG1LnBCPdd",
          "checksum": "7df2f74ae4c2d094453081cf104b478c"
        },
        {
          "type": "cssRules",
          "assetId": "CZwG1LnBCPdd",
          "checksum": "7df2f74ae4c2d094453081cf104b478c"
        },
        {
          "type": "renderModule",
          "assetId": "FFSnDzZ1v6zV",
          "checksum": "c23904c2e86f9317fcf6f8eb68279a67"
        },
        {
          "type": "cssRules",
          "assetId": "FFSnDzZ1v6zV",
          "checksum": "c23904c2e86f9317fcf6f8eb68279a67"
        },
        {
          "type": "renderModule",
          "assetId": "dtHg693g5Wiv",
          "checksum": "dcaaee76271e88f59ea175137c4c532c"
        },
        {
          "type": "cssRules",
          "assetId": "dtHg693g5Wiv",
          "checksum": "dcaaee76271e88f59ea175137c4c532c"
        },
        {
          "type": "renderModule",
          "assetId": "mDqPQunCKBZT",
          "checksum": "0ed4747f8a55431374ced1fb807095fd"
        },
        {
          "type": "cssRules",
          "assetId": "mDqPQunCKBZT",
          "checksum": "0ed4747f8a55431374ced1fb807095fd"
        },
        {
          "type": "renderModule",
          "assetId": "T0ZXuMdMdzz5",
          "checksum": "2cf96316dd203433ed7240dd1d341bf2"
        },
        {
          "type": "cssRules",
          "assetId": "T0ZXuMdMdzz5",
          "checksum": "2cf96316dd203433ed7240dd1d341bf2"
        },
        {
          "type": "renderModule",
          "assetId": "5BwOrpbCd1kC",
          "checksum": "a6422498feea661d6cfbfa0341c91f7a"
        },
        {
          "type": "cssRules",
          "assetId": "5BwOrpbCd1kC",
          "checksum": "a6422498feea661d6cfbfa0341c91f7a"
        },
        {
          "type": "renderModule",
          "assetId": "qqHHF8fb0kqV",
          "checksum": "246f27f99bfb6109415e0c0f949ef850"
        },
        {
          "type": "cssRules",
          "assetId": "qqHHF8fb0kqV",
          "checksum": "246f27f99bfb6109415e0c0f949ef850"
        },
        {
          "type": "renderModule",
          "assetId": "UzZOnW8KEBiA",
          "checksum": "53abefbd08ea43a879fc431b20c4f267"
        },
        {
          "type": "cssRules",
          "assetId": "UzZOnW8KEBiA",
          "checksum": "53abefbd08ea43a879fc431b20c4f267"
        },
        {
          "type": "renderModule",
          "assetId": "QjAs3RKQce-n",
          "checksum": "55344c16dd7005634c0a0e726d84bdcf"
        },
        {
          "type": "cssRules",
          "assetId": "QjAs3RKQce-n",
          "checksum": "55344c16dd7005634c0a0e726d84bdcf"
        },
        {
          "type": "renderModule",
          "assetId": "0bcOsZ-dkYdg",
          "checksum": "537c618d3db052b7dbe54ea24c41fabf"
        },
        {
          "type": "cssRules",
          "assetId": "0bcOsZ-dkYdg",
          "checksum": "537c618d3db052b7dbe54ea24c41fabf"
        },
        {
          "type": "renderModule",
          "assetId": "X4jPiVsfkDkL",
          "checksum": "2cee9b61529a0849d7c843edf2e923cb"
        },
        {
          "type": "cssRules",
          "assetId": "X4jPiVsfkDkL",
          "checksum": "2cee9b61529a0849d7c843edf2e923cb"
        },
        {
          "type": "renderModule",
          "assetId": "W2FfioVZddzu",
          "checksum": "b31f535a6dee137ea4216472dc1da05d"
        },
        {
          "type": "cssRules",
          "assetId": "W2FfioVZddzu",
          "checksum": "b31f535a6dee137ea4216472dc1da05d"
        },
        {
          "type": "icon",
          "assetId": "3sYnmmpMrd8H",
          "checksum": "33ca3e47105aff61bec35fd5f98ae454"
        },
        {
          "type": "icon",
          "assetId": "4woobL_zJ2_D",
          "checksum": "813b5bff99375dca9fd4fd5fb2580e39"
        },
        {
          "type": "icon",
          "assetId": "JO4o5bg--dsg",
          "checksum": "df280eb5e3dbf11e4082861bf45f9228"
        },
        {
          "type": "icon",
          "assetId": "jCocyNxVXlRg",
          "checksum": "d7112bb174e180414a3696ead5248d2f"
        },
        {
          "type": "icon",
          "assetId": "Rl6dFtWZu3uP",
          "checksum": "98b7a9a728ebe68cd4898487c459b220"
        },
        {
          "type": "icon",
          "assetId": "SGCpdxTuVfiF",
          "checksum": "e101aeea277e17a1938ce3c0971a1da8"
        },
        {
          "type": "icon",
          "assetId": "iubo4R_n8pFn",
          "checksum": "1c2399018f632a0bb523d796058c9b39"
        },
        {
          "type": "icon",
          "assetId": "9fU2EhEiaR68",
          "checksum": "096f239c5180a4108368e98b4336f946"
        },
        {
          "type": "icon",
          "assetId": "OuSnyuzWIY-t",
          "checksum": "b0fe24f1bf9eb9ae1117a8a8f1cf7c84"
        },
        {
          "type": "image",
          "assetId": "RnJ2k8X-i9qQ",
          "checksum": "d39cf03bbe7d283a614ca65e8b8ba5c9"
        },
        {
          "type": "image",
          "assetId": "PTS4OTwkeBzk",
          "checksum": "89dcaa524edefb6bb3a8c9bba38e8ecf"
        },
        {
          "type": "image",
          "assetId": "cxh6is8JzYuk",
          "checksum": "c3da2383bd65518f596755183f309276"
        },
        {
          "type": "image",
          "assetId": "uoRrjz6h1AIw",
          "checksum": "22fbad3f7e7d09a343d4d9120a7f091d"
        },
        {
          "type": "image",
          "assetId": "LfXm1tWUmuFr",
          "checksum": "dc6f1e5081c6deb38df25f00c993ca5a"
        },
        {
          "type": "image",
          "assetId": "Jm7imWOTjIWW",
          "checksum": "71a9b6b5b2dcf5152947f1ba50c69fa4"
        },
        {
          "type": "image",
          "assetId": "d07MvdWG521e",
          "checksum": "19f19261ac440a8d94e00a7fbeb53dfa"
        },
        {
          "type": "image",
          "assetId": "ieANUoGESyn6",
          "checksum": "b2d93e0231c8247cb478d999e8c8ea20"
        },
        {
          "type": "image",
          "assetId": "WqGS5Ims2Ivh",
          "checksum": "cfed02d26d987eec599d2bc35852f7c7"
        },
        {
          "type": "image",
          "assetId": "JJqI7pjzglr2",
          "checksum": "fc111b175f68750c4c861c31bc61ef13"
        },
        {
          "type": "image",
          "assetId": "jdf0BnBywSGH",
          "checksum": "26ee48ada0ca3aa7c6685e70505f59b4"
        },
        {
          "type": "image",
          "assetId": "Se2q35Nhuk4b",
          "checksum": "25f8b4777a753ceef2671fab4b912ade"
        },
        {
          "type": "image",
          "assetId": "0gEzLyTyo6R7",
          "checksum": "4db24266f717758184f280a0fce1385c"
        },
        {
          "type": "image",
          "assetId": "oa-EK6vRx5PM",
          "checksum": "a8775e3c24f7088c3d6800b1db6f1f6f"
        },
        {
          "type": "image",
          "assetId": "EgLMWvzashQD",
          "checksum": "9bf2734f9a538ed0e8e343eb3a8a71e7"
        },
        {
          "type": "image",
          "assetId": "i5dlMQazNvXN",
          "checksum": "599128f24e41d0fac302d28d821401e7"
        },
        {
          "type": "image",
          "assetId": "GynVwycSxNWR",
          "checksum": "4a2c0541d7fb48314b9e3b79d491524c"
        },
        {
          "type": "image",
          "assetId": "fLWdqNHclBlz",
          "checksum": "b2e6b6fe71aa0637a4b135448a3f91c3"
        },
        {
          "type": "image",
          "assetId": "mDmlF7m1NRjU",
          "checksum": "7de820aa37b67a2bd4723e04adf64c44"
        },
        {
          "type": "image",
          "assetId": "YDBwwE6D6nyU",
          "checksum": "f8a658b81453300b77e4b4935723e2d0"
        },
        {
          "type": "image",
          "assetId": "6Qi3FTAZ7s7m",
          "checksum": "4afc539b0e752551c393e272020e5ccb"
        },
        {
          "type": "image",
          "assetId": "PFQS-STdmjM1",
          "checksum": "cddb567fae1b65aad73e871b54db4aea"
        },
        {
          "type": "image",
          "assetId": "4FIoNo1WAWbB",
          "checksum": "79d288c3f545028ed747fb82720453d2"
        },
        {
          "type": "image",
          "assetId": "TUVlMH0ToCKt",
          "checksum": "a53f8ed4569865f2bdbbb845df55a169"
        },
        {
          "type": "image",
          "assetId": "3VwO9jyjZlmr",
          "checksum": "d6c1d785c29b225d3f5c3ed09ccd3b77"
        },
        {
          "type": "image",
          "assetId": "ywPbOuwl_zE3",
          "checksum": "bdea59a35a4fce6382ce4e9a4143aef2"
        },
        {
          "type": "image",
          "assetId": "Xox683-CTNPT",
          "checksum": "1a25f0eaa05d5c9ad3e71d396222adea"
        },
        {
          "type": "image",
          "assetId": "si6rbRrVvh27",
          "checksum": "3f2e4ed57218b6b66527b446346dad4d"
        },
        {
          "type": "image",
          "assetId": "g_1a6Sr8cwM9",
          "checksum": "8048cbbe08c4c78b2eaae3857a646c4a"
        },
        {
          "type": "image",
          "assetId": "7LiDem7Mdyor",
          "checksum": "470feb60ade9dc7d78529613d6e28731"
        },
        {
          "type": "image",
          "assetId": "YxyK_kqBvoWr",
          "checksum": "54beace398a05fb824a533fa93d9107b"
        },
        {
          "type": "image",
          "assetId": "ZgEQKDAsqQ3C",
          "checksum": "f0a047dd810a1727bc0492175fbf0a29"
        },
        {
          "type": "image",
          "assetId": "xZOBpaXvma0c",
          "checksum": "60ebba5b80ca31e782cc3025da048e8b"
        },
        {
          "type": "image",
          "assetId": "eMj8buWMVACA",
          "checksum": "26014df6ceeedffc948e42348e39613d"
        },
        {
          "type": "image",
          "assetId": "o7kIz8Q5ODWE",
          "checksum": "3e30106558f6dc3ab5b7d8d86b78f487"
        },
        {
          "type": "image",
          "assetId": "s5oOyUewkGBu",
          "checksum": "96839eb74dac973e8aa0567f549bc59f"
        },
        {
          "type": "image",
          "assetId": "uCodBs5bklHr",
          "checksum": "6ae3ed122311bdcf4fe213cb683ed4cd"
        },
        {
          "type": "image",
          "assetId": "cevfebn9kiTG",
          "checksum": "1aff2e94fbde3825aa25f5f8cdf487b9"
        },
        {
          "type": "image",
          "assetId": "9WcKDit7bj1m",
          "checksum": "ab548355f1514ecef5eafe3a8398c69d"
        },
        {
          "assetId": "53Xi8PjeNu3UNxbnjUtmHg",
          "type": "projectCss",
          "checksum": "3d7654a94bc3926f3ff5c45cc57413f6"
        }
      ],
      "codegenVersion": "0.0.1"
    }
  ],
  "cliVersion": "0.1.334"
}
